{
  "name": "google-taxonomy-matcher",
  "version": "1.0.0",
  "lockfileVersion": 1,
  "requires": true,
  "dependencies": {
    "minisearch": {
      "version": "2.5.1",
      "resolved": "https://registry.npmjs.org/minisearch/-/minisearch-2.5.1.tgz",
      "integrity": "sha512-OueBANp0lQnlTZJDEOcBwCsOeM892+m9jbN2xOIsordR3nBhmG000Gw2PRFq9/wB/zwSA/3EeJNR6E6fUYbEQg=="
    }
  }
}
